{
  "name": "three.js_test",
  "version": "1.0.0",
  "lockfileVersion": 1,
  "requires": true,
  "dependencies": {
    "gsap": {
      "version": "3.3.0",
      "resolved": "https://registry.npmjs.org/gsap/-/gsap-3.3.0.tgz",
      "integrity": "sha512-MIcLOH8HCGvjyuLpzNBMKK+GdoL9wmJU+8nwauSZkqTyDlI1ugD0Sbhu7HO3805u7NqSv811murbu6eipVhJqw=="
    },
    "lodash": {
      "version": "4.17.21",
      "resolved": "https://registry.npmjs.org/lodash/-/lodash-4.17.21.tgz",
      "integrity": "sha512-v2kDEe57lecTulaDIuNTPy3Ry4gLGJ6Z1O3vE1krgXZNrsQ+LFTGHVxVjcXPs17LhbZVGedAJv8XZ1tvj5FvSg=="
    },
    "three": {
      "version": "0.137.0",
      "resolved": "https://registry.npmjs.org/three/-/three-0.137.0.tgz",
      "integrity": "sha512-rzSDhia6cU35UCy6y+zEEws6vSgytfHqFMSaBvUcySgzwvDO6vETyswtSNi/+aVqJw8WLMwyT1mlQQ1T/dxxOA=="
    },
    "three-orbitcontrols": {
      "version": "2.110.3",
      "resolved": "https://registry.npmjs.org/three-orbitcontrols/-/three-orbitcontrols-2.110.3.tgz",
      "integrity": "sha512-BNNbksJwbN3/MmT0X/gjz5ZCchm7bjk26SUdtJYRxfEYjDfkb/0PeUTHE/KuyJ5vb/owK3mojyy3vcqDx99sRA=="
    }
  }
}
